
Microsoft Visual Studio Solution File, Format Version 12.00
# Visual Studio Version 16
VisualStudioVersion = 16.0.30717.126
MinimumVisualStudioVersion = 10.0.40219.1
Project("{FAE04EC0-301F-11D3-BF4B-00C04F79EFBC}") = "ContohApp", "ContohApp\ContohApp.csproj", "{22F4462F-76B1-425E-BFEC-4379D0C2A6B9}"
EndProject
Global
	GlobalSection(SolutionConfigurationPlatforms) = preSolution
		Debug|Any CPU = Debug|Any CPU
		Release|Any CPU = Release|Any CPU
	EndGlobalSection
	GlobalSection(ProjectConfigurationPlatforms) = postSolution
		{22F4462F-76B1-425E-BFEC-4379D0C2A6B9}.Debug|Any CPU.ActiveCfg = Debug|Any CPU
		{22F4462F-76B1-425E-BFEC-4379D0C2A6B9}.Debug|Any CPU.Build.0 = Debug|Any CPU
		{22F4462F-76B1-425E-BFEC-4379D0C2A6B9}.Release|Any CPU.ActiveCfg = Release|Any CPU
		{22F4462F-76B1-425E-BFEC-4379D0C2A6B9}.Release|Any CPU.Build.0 = Release|Any CPU
	EndGlobalSection
	GlobalSection(SolutionProperties) = preSolution
		HideSolutionNode = FALSE
	EndGlobalSection
	GlobalSection(ExtensibilityGlobals) = postSolution
		SolutionGuid = {56264AE1-00F2-4114-8306-36383AE3C0B9}
	EndGlobalSection
EndGlobal
